
Microsoft Visual Studio Solution File, Format Version 12.00
# Visual Studio Version 17
VisualStudioVersion = 17.12.35514.174
MinimumVisualStudioVersion = 10.0.40219.1
Project("{2150E333-8FDC-42A3-9474-1A3956D46DE8}") = "Microdervices", "Microdervices", "{AA6245E6-D216-42D5-A61D-BAD17F17342C}"
EndProject
Project("{FAE04EC0-301F-11D3-BF4B-00C04F79EFBC}") = "Uttambsolutionslimitedstaffs", "Uttambsolutionslimitedstaffs\Uttambsolutionslimitedstaffs.csproj", "{45BF904C-8E4C-4323-892A-60DFFB9FD4E7}"
EndProject
Project("{E53339B2-1760-4266-BCC7-CA923CBCF16C}") = "docker-compose", "docker-compose.dcproj", "{069426D7-56B7-4811-8518-62F02F02544B}"
EndProject
Global
	GlobalSection(SolutionConfigurationPlatforms) = preSolution
		Debug|Any CPU = Debug|Any CPU
		Release|Any CPU = Release|Any CPU
	EndGlobalSection
	GlobalSection(ProjectConfigurationPlatforms) = postSolution
		{45BF904C-8E4C-4323-892A-60DFFB9FD4E7}.Debug|Any CPU.ActiveCfg = Debug|Any CPU
		{45BF904C-8E4C-4323-892A-60DFFB9FD4E7}.Debug|Any CPU.Build.0 = Debug|Any CPU
		{45BF904C-8E4C-4323-892A-60DFFB9FD4E7}.Release|Any CPU.ActiveCfg = Release|Any CPU
		{45BF904C-8E4C-4323-892A-60DFFB9FD4E7}.Release|Any CPU.Build.0 = Release|Any CPU
		{069426D7-56B7-4811-8518-62F02F02544B}.Debug|Any CPU.ActiveCfg = Debug|Any CPU
		{069426D7-56B7-4811-8518-62F02F02544B}.Debug|Any CPU.Build.0 = Debug|Any CPU
		{069426D7-56B7-4811-8518-62F02F02544B}.Release|Any CPU.ActiveCfg = Release|Any CPU
		{069426D7-56B7-4811-8518-62F02F02544B}.Release|Any CPU.Build.0 = Release|Any CPU
	EndGlobalSection
	GlobalSection(SolutionProperties) = preSolution
		HideSolutionNode = FALSE
	EndGlobalSection
	GlobalSection(NestedProjects) = preSolution
		{45BF904C-8E4C-4323-892A-60DFFB9FD4E7} = {AA6245E6-D216-42D5-A61D-BAD17F17342C}
	EndGlobalSection
EndGlobal
